Microsoft Visual Studio Solution File, Format Version 10.00
# Visual Studio 2008
Project("{2150E333-8FDC-42A3-9474-1A3956D46DE8}") = "SwiProlog", "SwiProlog", "{315F2B7A-A3F8-4DA9-8116-9B057EB54272}"
EndProject
Project("{FAE04EC0-301F-11D3-BF4B-00C04F79EFBC}") = "Swicli.Library", "Swicli.Library\Swicli.Library.csproj", "{44645676-D8D5-4A1F-9F8C-4105912CFE68}"
EndProject
Project("{FAE04EC0-301F-11D3-BF4B-00C04F79EFBC}") = "SWICLITestDLL", "SWICLITestDLL\SWICLITestDLL.csproj", "{E8ED0021-C042-40EB-AFA6-19E1577820A1}"
EndProject
Project("{8BC9CEB8-8B4A-11D0-8D11-00A0C91BC942}") = "swicli32", "swicli32.vcproj", "{F957BFA7-8955-450D-89BC-5F2AAA5A4684}"
	ProjectSection(ProjectDependencies) = postProject
		{E8ED0021-C042-40EB-AFA6-19E1577820A1} = {E8ED0021-C042-40EB-AFA6-19E1577820A1}
	EndProjectSection
EndProject
Global
	GlobalSection(SolutionConfigurationPlatforms) = preSolution
		Debug|x86 = Debug|x86
	EndGlobalSection
	GlobalSection(ProjectConfigurationPlatforms) = postSolution
		{44645676-D8D5-4A1F-9F8C-4105912CFE68}.Debug|x86.ActiveCfg = Debug|Any CPU
		{44645676-D8D5-4A1F-9F8C-4105912CFE68}.Debug|x86.Build.0 = Debug|Any CPU
		{E8ED0021-C042-40EB-AFA6-19E1577820A1}.Debug|x86.ActiveCfg = Debug|Any CPU
		{E8ED0021-C042-40EB-AFA6-19E1577820A1}.Debug|x86.Build.0 = Debug|Any CPU
		{F957BFA7-8955-450D-89BC-5F2AAA5A4684}.Debug|x86.ActiveCfg = Debug|Win32
		{F957BFA7-8955-450D-89BC-5F2AAA5A4684}.Debug|x86.Build.0 = Debug|Win32
	EndGlobalSection
	GlobalSection(SolutionProperties) = preSolution
		HideSolutionNode = FALSE
	EndGlobalSection
	GlobalSection(NestedProjects) = preSolution
		{44645676-D8D5-4A1F-9F8C-4105912CFE68} = {315F2B7A-A3F8-4DA9-8116-9B057EB54272}
		{E8ED0021-C042-40EB-AFA6-19E1577820A1} = {315F2B7A-A3F8-4DA9-8116-9B057EB54272}
		{F957BFA7-8955-450D-89BC-5F2AAA5A4684} = {315F2B7A-A3F8-4DA9-8116-9B057EB54272}
	EndGlobalSection
EndGlobal
